
Microsoft Visual Studio Solution File, Format Version 12.00
# Visual Studio 15
VisualStudioVersion = 15.0.28010.2036
MinimumVisualStudioVersion = 10.0.40219.1
Project("{FAE04EC0-301F-11D3-BF4B-00C04F79EFBC}") = "TELEBOT_GUI", "TELEBOT_GUI\TELEBOT_GUI.csproj", "{E379BF29-0FF7-4A96-B032-3FE7FAACF440}"
EndProject
Global
	GlobalSection(SolutionConfigurationPlatforms) = preSolution
		Debug|Any CPU = Debug|Any CPU
		Release|Any CPU = Release|Any CPU
	EndGlobalSection
	GlobalSection(ProjectConfigurationPlatforms) = postSolution
		{E379BF29-0FF7-4A96-B032-3FE7FAACF440}.Debug|Any CPU.ActiveCfg = Debug|Any CPU
		{E379BF29-0FF7-4A96-B032-3FE7FAACF440}.Debug|Any CPU.Build.0 = Debug|Any CPU
		{E379BF29-0FF7-4A96-B032-3FE7FAACF440}.Release|Any CPU.ActiveCfg = Release|Any CPU
		{E379BF29-0FF7-4A96-B032-3FE7FAACF440}.Release|Any CPU.Build.0 = Release|Any CPU
	EndGlobalSection
	GlobalSection(SolutionProperties) = preSolution
		HideSolutionNode = FALSE
	EndGlobalSection
	GlobalSection(ExtensibilityGlobals) = postSolution
		SolutionGuid = {B86CB979-A16D-4CA2-BC23-58B5B784EE81}
	EndGlobalSection
EndGlobal
